// !$*UTF8*$!
{
	archiveVersion = 1;
	classes = {
	};
	objectVersion = 46;
	objects = {

/* Begin PBXBuildFile section */
		95DE31C4184F1D9C0037403D /* SiSoME4Grabber.h in Headers */ = {isa = PBXBuildFile; fileRef = 95DE31B9184F1D9C0037403D /* SiSoME4Grabber.h */; };
		95DE31C5184F1D9C0037403D /* SiSoME4SerialLine.h in Headers */ = {isa = PBXBuildFile; fileRef = 95DE31BA184F1D9C0037403D /* SiSoME4SerialLine.h */; };
		95DE31C6184F1D9C0037403D /* Makefile in Sources */ = {isa = PBXBuildFile; fileRef = 95DE31C0184F1D9C0037403D /* Makefile */; };
		95DE31C7184F1D9C0037403D /* SiSoME4Grabber.cpp in Sources */ = {isa = PBXBuildFile; fileRef = 95DE31C1184F1D9C0037403D /* SiSoME4Grabber.cpp */; };
		95DE31C8184F1D9C0037403D /* SiSoME4SerialLine.cpp in Sources */ = {isa = PBXBuildFile; fileRef = 95DE31C2184F1D9C0037403D /* SiSoME4SerialLine.cpp */; };
		95DE31E6184F1E440037403D /* VieworksVPBinCtrlObj.h in Headers */ = {isa = PBXBuildFile; fileRef = 95DE31CF184F1E440037403D /* VieworksVPBinCtrlObj.h */; };
		95DE31E7184F1E440037403D /* VieworksVPCamera.h in Headers */ = {isa = PBXBuildFile; fileRef = 95DE31D0184F1E440037403D /* VieworksVPCamera.h */; };
		95DE31E8184F1E440037403D /* VieworksVPDetInfoCtrlObj.h in Headers */ = {isa = PBXBuildFile; fileRef = 95DE31D1184F1E440037403D /* VieworksVPDetInfoCtrlObj.h */; };
		95DE31E9184F1E440037403D /* VieworksVPInterface.h in Headers */ = {isa = PBXBuildFile; fileRef = 95DE31D2184F1E440037403D /* VieworksVPInterface.h */; };
		95DE31EA184F1E440037403D /* VieworksVPRoiCtrlObj.h in Headers */ = {isa = PBXBuildFile; fileRef = 95DE31D3184F1E440037403D /* VieworksVPRoiCtrlObj.h */; };
		95DE31EB184F1E440037403D /* VieworksVPSyncCtrlObj.h in Headers */ = {isa = PBXBuildFile; fileRef = 95DE31D4184F1E440037403D /* VieworksVPSyncCtrlObj.h */; };
		95DE31EC184F1E440037403D /* Makefile in Sources */ = {isa = PBXBuildFile; fileRef = 95DE31D5184F1E440037403D /* Makefile */; };
		95DE31ED184F1E440037403D /* Makefile in Sources */ = {isa = PBXBuildFile; fileRef = 95DE31DE184F1E440037403D /* Makefile */; };
		95DE31EE184F1E440037403D /* VieworksVPBinCtrlObj.cpp in Sources */ = {isa = PBXBuildFile; fileRef = 95DE31DF184F1E440037403D /* VieworksVPBinCtrlObj.cpp */; };
		95DE31EF184F1E440037403D /* VieworksVPCamera.cpp in Sources */ = {isa = PBXBuildFile; fileRef = 95DE31E0184F1E440037403D /* VieworksVPCamera.cpp */; };
		95DE31F0184F1E440037403D /* VieworksVPDetInfoCtrlObj.cpp in Sources */ = {isa = PBXBuildFile; fileRef = 95DE31E1184F1E440037403D /* VieworksVPDetInfoCtrlObj.cpp */; };
		95DE31F1184F1E440037403D /* VieworksVPInterface.cpp in Sources */ = {isa = PBXBuildFile; fileRef = 95DE31E2184F1E440037403D /* VieworksVPInterface.cpp */; };
		95DE31F2184F1E440037403D /* VieworksVPRoiCtrlObj.cpp in Sources */ = {isa = PBXBuildFile; fileRef = 95DE31E3184F1E440037403D /* VieworksVPRoiCtrlObj.cpp */; };
		95DE31F3184F1E440037403D /* VieworksVPSyncCtrlObj.cpp in Sources */ = {isa = PBXBuildFile; fileRef = 95DE31E4184F1E440037403D /* VieworksVPSyncCtrlObj.cpp */; };
/* End PBXBuildFile section */

/* Begin PBXFileReference section */
		95365B76152449960099116D /* common */ = {isa = PBXFileReference; lastKnownFileType = folder; name = common; path = ../../common; sourceTree = "<group>"; };
		95365B77152449960099116D /* control */ = {isa = PBXFileReference; lastKnownFileType = folder; name = control; path = ../../control; sourceTree = "<group>"; };
		95365B78152449960099116D /* hardware */ = {isa = PBXFileReference; lastKnownFileType = folder; name = hardware; path = ../../hardware; sourceTree = "<group>"; };
		956C320F1523BB6B00F0632C /* vieworks-vp.dylib */ = {isa = PBXFileReference; explicitFileType = "compiled.mach-o.dylib"; includeInIndex = 0; path = "vieworks-vp.dylib"; sourceTree = BUILT_PRODUCTS_DIR; };
		95848CF5180D9D96004B7C8A /* imxpad */ = {isa = PBXFileReference; lastKnownFileType = folder; name = imxpad; path = ../imxpad; sourceTree = "<group>"; };
		95848CF6180D9EEB004B7C8A /* xh */ = {isa = PBXFileReference; lastKnownFileType = folder; name = xh; path = ../xh; sourceTree = "<group>"; };
		95848CF7180D9F09004B7C8A /* pointgrey */ = {isa = PBXFileReference; lastKnownFileType = folder; name = pointgrey; path = ../pointgrey; sourceTree = "<group>"; };
		95848CF8180D9F34004B7C8A /* dexela */ = {isa = PBXFileReference; lastKnownFileType = folder; name = dexela; path = ../dexela; sourceTree = "<group>"; };
		95AD689418285AA700FF8347 /* Makefile */ = {isa = PBXFileReference; fileEncoding = 4; lastKnownFileType = sourcecode.make; path = Makefile; sourceTree = "<group>"; };
		95AD68A21828607A00FF8347 /* andor3 */ = {isa = PBXFileReference; lastKnownFileType = folder; name = andor3; path = ../andor3; sourceTree = "<group>"; };
		95D5EA221526233B008221ED /* adsc */ = {isa = PBXFileReference; lastKnownFileType = folder; name = adsc; path = ../adsc; sourceTree = "<group>"; };
		95D5EA231526233B008221ED /* andor */ = {isa = PBXFileReference; lastKnownFileType = folder; name = andor; path = ../andor; sourceTree = "<group>"; };
		95D5EA241526233B008221ED /* basler */ = {isa = PBXFileReference; lastKnownFileType = folder; name = basler; path = ../basler; sourceTree = "<group>"; };
		95D5EA251526233B008221ED /* frelon */ = {isa = PBXFileReference; lastKnownFileType = folder; name = frelon; path = ../frelon; sourceTree = "<group>"; };
		95D5EA261526233B008221ED /* marccd */ = {isa = PBXFileReference; lastKnownFileType = folder; name = marccd; path = ../marccd; sourceTree = "<group>"; };
		95D5EA271526233B008221ED /* maxipix */ = {isa = PBXFileReference; lastKnownFileType = folder; name = maxipix; path = ../maxipix; sourceTree = "<group>"; };
		95D5EA341526238C008221ED /* simulator */ = {isa = PBXFileReference; lastKnownFileType = folder; name = simulator; path = ../simulator; sourceTree = "<group>"; };
		95D5EA351526238C008221ED /* ueye */ = {isa = PBXFileReference; lastKnownFileType = folder; name = ueye; path = ../ueye; sourceTree = "<group>"; };
		95D5EA361526238C008221ED /* xpad */ = {isa = PBXFileReference; lastKnownFileType = folder; name = xpad; path = ../xpad; sourceTree = "<group>"; };
		95D5EA37152623AF008221ED /* mythen */ = {isa = PBXFileReference; lastKnownFileType = folder; name = mythen; path = ../mythen; sourceTree = "<group>"; };
		95D5EA39152623AF008221ED /* perkinelmer */ = {isa = PBXFileReference; lastKnownFileType = folder; name = perkinelmer; path = ../perkinelmer; sourceTree = "<group>"; };
		95D5EA3D152623EC008221ED /* photonicscience */ = {isa = PBXFileReference; lastKnownFileType = folder; name = photonicscience; path = ../photonicscience; sourceTree = "<group>"; };
		95D5EA3E152623EC008221ED /* pilatus */ = {isa = PBXFileReference; lastKnownFileType = folder; name = pilatus; path = ../pilatus; sourceTree = "<group>"; };
		95D5EA3F152623EC008221ED /* prosilica */ = {isa = PBXFileReference; lastKnownFileType = folder; name = prosilica; path = ../prosilica; sourceTree = "<group>"; };
		95D5EA40152623EC008221ED /* roperscientific */ = {isa = PBXFileReference; lastKnownFileType = folder; name = roperscientific; path = ../roperscientific; sourceTree = "<group>"; };
		95D5EA481526245D008221ED /* include */ = {isa = PBXFileReference; lastKnownFileType = folder; name = include; path = ../pco/include; sourceTree = "<group>"; };
		95D5EA491526245D008221ED /* python */ = {isa = PBXFileReference; lastKnownFileType = folder; name = python; path = ../pco/python; sourceTree = "<group>"; };
		95D5EA4A1526245D008221ED /* sip */ = {isa = PBXFileReference; lastKnownFileType = folder; name = sip; path = ../pco/sip; sourceTree = "<group>"; };
		95D5EA4B1526245D008221ED /* src */ = {isa = PBXFileReference; lastKnownFileType = folder; name = src; path = ../pco/src; sourceTree = "<group>"; };
		95D5EA4C1526245D008221ED /* VERSION */ = {isa = PBXFileReference; lastKnownFileType = text; name = VERSION; path = ../pco/VERSION; sourceTree = "<group>"; };
		95DE31B6184F1D9C0037403D /* COPYING */ = {isa = PBXFileReference; fileEncoding = 4; lastKnownFileType = text; path = COPYING; sourceTree = "<group>"; };
		95DE31B9184F1D9C0037403D /* SiSoME4Grabber.h */ = {isa = PBXFileReference; fileEncoding = 4; lastKnownFileType = sourcecode.c.h; path = SiSoME4Grabber.h; sourceTree = "<group>"; };
		95DE31BA184F1D9C0037403D /* SiSoME4SerialLine.h */ = {isa = PBXFileReference; fileEncoding = 4; lastKnownFileType = sourcecode.c.h; path = SiSoME4SerialLine.h; sourceTree = "<group>"; };
		95DE31BB184F1D9C0037403D /* NEWS */ = {isa = PBXFileReference; fileEncoding = 4; lastKnownFileType = text; path = NEWS; sourceTree = "<group>"; };
		95DE31BD184F1D9C0037403D /* README */ = {isa = PBXFileReference; fileEncoding = 4; lastKnownFileType = text; path = README; sourceTree = "<group>"; };
		95DE31C0184F1D9C0037403D /* Makefile */ = {isa = PBXFileReference; fileEncoding = 4; lastKnownFileType = sourcecode.make; path = Makefile; sourceTree = "<group>"; };
		95DE31C1184F1D9C0037403D /* SiSoME4Grabber.cpp */ = {isa = PBXFileReference; fileEncoding = 4; lastKnownFileType = sourcecode.cpp.cpp; path = SiSoME4Grabber.cpp; sourceTree = "<group>"; };
		95DE31C2184F1D9C0037403D /* SiSoME4SerialLine.cpp */ = {isa = PBXFileReference; fileEncoding = 4; lastKnownFileType = sourcecode.cpp.cpp; path = SiSoME4SerialLine.cpp; sourceTree = "<group>"; };
		95DE31C3184F1D9C0037403D /* VERSION */ = {isa = PBXFileReference; fileEncoding = 4; lastKnownFileType = text; path = VERSION; sourceTree = "<group>"; };
		95DE31C9184F1E440037403D /* AUTHORS */ = {isa = PBXFileReference; fileEncoding = 4; lastKnownFileType = text; path = AUTHORS; sourceTree = "<group>"; };
		95DE31CA184F1E440037403D /* COPYING */ = {isa = PBXFileReference; fileEncoding = 4; lastKnownFileType = text; path = COPYING; sourceTree = "<group>"; };
		95DE31CC184F1E440037403D /* index.rst */ = {isa = PBXFileReference; fileEncoding = 4; lastKnownFileType = text; path = index.rst; sourceTree = "<group>"; };
		95DE31CD184F1E440037403D /* vieworks-VP_header.jpg */ = {isa = PBXFileReference; lastKnownFileType = image.jpeg; path = "vieworks-VP_header.jpg"; sourceTree = "<group>"; };
		95DE31CF184F1E440037403D /* VieworksVPBinCtrlObj.h */ = {isa = PBXFileReference; fileEncoding = 4; lastKnownFileType = sourcecode.c.h; path = VieworksVPBinCtrlObj.h; sourceTree = "<group>"; };
		95DE31D0184F1E440037403D /* VieworksVPCamera.h */ = {isa = PBXFileReference; fileEncoding = 4; lastKnownFileType = sourcecode.c.h; path = VieworksVPCamera.h; sourceTree = "<group>"; };
		95DE31D1184F1E440037403D /* VieworksVPDetInfoCtrlObj.h */ = {isa = PBXFileReference; fileEncoding = 4; lastKnownFileType = sourcecode.c.h; path = VieworksVPDetInfoCtrlObj.h; sourceTree = "<group>"; };
		95DE31D2184F1E440037403D /* VieworksVPInterface.h */ = {isa = PBXFileReference; fileEncoding = 4; lastKnownFileType = sourcecode.c.h; path = VieworksVPInterface.h; sourceTree = "<group>"; };
		95DE31D3184F1E440037403D /* VieworksVPRoiCtrlObj.h */ = {isa = PBXFileReference; fileEncoding = 4; lastKnownFileType = sourcecode.c.h; path = VieworksVPRoiCtrlObj.h; sourceTree = "<group>"; };
		95DE31D4184F1E440037403D /* VieworksVPSyncCtrlObj.h */ = {isa = PBXFileReference; fileEncoding = 4; lastKnownFileType = sourcecode.c.h; path = VieworksVPSyncCtrlObj.h; sourceTree = "<group>"; };
		95DE31D5184F1E440037403D /* Makefile */ = {isa = PBXFileReference; fileEncoding = 4; lastKnownFileType = sourcecode.make; path = Makefile; sourceTree = "<group>"; };
		95DE31D6184F1E440037403D /* NEWS */ = {isa = PBXFileReference; fileEncoding = 4; lastKnownFileType = text; path = NEWS; sourceTree = "<group>"; };
		95DE31D8184F1E440037403D /* __init__.py */ = {isa = PBXFileReference; fileEncoding = 4; lastKnownFileType = text.script.python; path = __init__.py; sourceTree = "<group>"; };
		95DE31D9184F1E440037403D /* README */ = {isa = PBXFileReference; fileEncoding = 4; lastKnownFileType = text; path = README; sourceTree = "<group>"; };
		95DE31DB184F1E440037403D /* VieworksVPCamera.sip */ = {isa = PBXFileReference; fileEncoding = 4; lastKnownFileType = text; path = VieworksVPCamera.sip; sourceTree = "<group>"; };
		95DE31DC184F1E440037403D /* VieworksVPInterface.sip */ = {isa = PBXFileReference; fileEncoding = 4; lastKnownFileType = text; path = VieworksVPInterface.sip; sourceTree = "<group>"; };
		95DE31DE184F1E440037403D /* Makefile */ = {isa = PBXFileReference; fileEncoding = 4; lastKnownFileType = sourcecode.make; path = Makefile; sourceTree = "<group>"; };
		95DE31DF184F1E440037403D /* VieworksVPBinCtrlObj.cpp */ = {isa = PBXFileReference; fileEncoding = 4; lastKnownFileType = sourcecode.cpp.cpp; path = VieworksVPBinCtrlObj.cpp; sourceTree = "<group>"; };
		95DE31E0184F1E440037403D /* VieworksVPCamera.cpp */ = {isa = PBXFileReference; fileEncoding = 4; lastKnownFileType = sourcecode.cpp.cpp; path = VieworksVPCamera.cpp; sourceTree = "<group>"; };
		95DE31E1184F1E440037403D /* VieworksVPDetInfoCtrlObj.cpp */ = {isa = PBXFileReference; fileEncoding = 4; lastKnownFileType = sourcecode.cpp.cpp; path = VieworksVPDetInfoCtrlObj.cpp; sourceTree = "<group>"; };
		95DE31E2184F1E440037403D /* VieworksVPInterface.cpp */ = {isa = PBXFileReference; fileEncoding = 4; lastKnownFileType = sourcecode.cpp.cpp; path = VieworksVPInterface.cpp; sourceTree = "<group>"; };
		95DE31E3184F1E440037403D /* VieworksVPRoiCtrlObj.cpp */ = {isa = PBXFileReference; fileEncoding = 4; lastKnownFileType = sourcecode.cpp.cpp; path = VieworksVPRoiCtrlObj.cpp; sourceTree = "<group>"; };
		95DE31E4184F1E440037403D /* VieworksVPSyncCtrlObj.cpp */ = {isa = PBXFileReference; fileEncoding = 4; lastKnownFileType = sourcecode.cpp.cpp; path = VieworksVPSyncCtrlObj.cpp; sourceTree = "<group>"; };
		95DE31E5184F1E440037403D /* VERSION */ = {isa = PBXFileReference; fileEncoding = 4; lastKnownFileType = text; path = VERSION; sourceTree = "<group>"; };
/* End PBXFileReference section */

/* Begin PBXFrameworksBuildPhase section */
		956C320C1523BB6B00F0632C /* Frameworks */ = {
			isa = PBXFrameworksBuildPhase;
			buildActionMask = 2147483647;
			files = (
			);
			runOnlyForDeploymentPostprocessing = 0;
		};
/* End PBXFrameworksBuildPhase section */

/* Begin PBXGroup section */
		956B30DD152621ED00FB4D2D /* Other Cameras */ = {
			isa = PBXGroup;
			children = (
				95D5EA221526233B008221ED /* adsc */,
				95D5EA231526233B008221ED /* andor */,
				95AD68A21828607A00FF8347 /* andor3 */,
				95D5EA241526233B008221ED /* basler */,
				95848CF8180D9F34004B7C8A /* dexela */,
				95D5EA251526233B008221ED /* frelon */,
				95848CF5180D9D96004B7C8A /* imxpad */,
				95D5EA261526233B008221ED /* marccd */,
				95D5EA271526233B008221ED /* maxipix */,
				95D5EA37152623AF008221ED /* mythen */,
				95D5EA39152623AF008221ED /* perkinelmer */,
				95D5EA3D152623EC008221ED /* photonicscience */,
				95D5EA4715262449008221ED /* pco */,
				95D5EA3E152623EC008221ED /* pilatus */,
				95848CF7180D9F09004B7C8A /* pointgrey */,
				95D5EA3F152623EC008221ED /* prosilica */,
				95D5EA40152623EC008221ED /* roperscientific */,
				95D5EA341526238C008221ED /* simulator */,
				95D5EA351526238C008221ED /* ueye */,
				95848CF6180D9EEB004B7C8A /* xh */,
				95D5EA361526238C008221ED /* xpad */,
			);
			name = "Other Cameras";
			sourceTree = "<group>";
		};
		956C32101523BB6B00F0632C /* Products */ = {
			isa = PBXGroup;
			children = (
				956C320F1523BB6B00F0632C /* vieworks-vp.dylib */,
			);
			name = Products;
			sourceTree = "<group>";
		};
		95AD688D18285A1400FF8347 /* vieworks-vp */ = {
			isa = PBXGroup;
			children = (
				95DE31D5184F1E440037403D /* Makefile */,
				95DE31C9184F1E440037403D /* AUTHORS */,
				95DE31CA184F1E440037403D /* COPYING */,
				95DE31D6184F1E440037403D /* NEWS */,
				95DE31D9184F1E440037403D /* README */,
				95DE31E5184F1E440037403D /* VERSION */,
				95DE31CB184F1E440037403D /* doc */,
				95DE31CE184F1E440037403D /* include */,
				95DE31D7184F1E440037403D /* python */,
				95DE31DA184F1E440037403D /* sip */,
				95DE31DD184F1E440037403D /* src */,
			);
			name = "vieworks-vp";
			sourceTree = "<group>";
		};
		95AD688E18285A4E00FF8347 /* siso-me4 */ = {
			isa = PBXGroup;
			children = (
				95AD689418285AA700FF8347 /* Makefile */,
				95DE31B6184F1D9C0037403D /* COPYING */,
				95DE31BB184F1D9C0037403D /* NEWS */,
				95DE31BD184F1D9C0037403D /* README */,
				95DE31C3184F1D9C0037403D /* VERSION */,
				95DE31B7184F1D9C0037403D /* doc */,
				95DE31B8184F1D9C0037403D /* include */,
				95DE31BC184F1D9C0037403D /* python */,
				95DE31BE184F1D9C0037403D /* sip */,
				95DE31BF184F1D9C0037403D /* src */,
			);
			name = "siso-me4";
			path = "../common/siso-me4";
			sourceTree = "<group>";
		};
		95B6658014E983F900A8C6FC = {
			isa = PBXGroup;
			children = (
				95D5EA1D1526230A008221ED /* LIMA-other */,
				956B30DD152621ED00FB4D2D /* Other Cameras */,
				95AD688E18285A4E00FF8347 /* siso-me4 */,
				95AD688D18285A1400FF8347 /* vieworks-vp */,
				956C32101523BB6B00F0632C /* Products */,
			);
			sourceTree = "<group>";
		};
		95D5EA1D1526230A008221ED /* LIMA-other */ = {
			isa = PBXGroup;
			children = (
				95365B76152449960099116D /* common */,
				95365B77152449960099116D /* control */,
				95365B78152449960099116D /* hardware */,
			);
			name = "LIMA-other";
			sourceTree = "<group>";
		};
		95D5EA4715262449008221ED /* pco */ = {
			isa = PBXGroup;
			children = (
				95D5EA481526245D008221ED /* include */,
				95D5EA491526245D008221ED /* python */,
				95D5EA4A1526245D008221ED /* sip */,
				95D5EA4B1526245D008221ED /* src */,
				95D5EA4C1526245D008221ED /* VERSION */,
			);
			name = pco;
			sourceTree = "<group>";
		};
		95DE31B7184F1D9C0037403D /* doc */ = {
			isa = PBXGroup;
			children = (
			);
			path = doc;
			sourceTree = "<group>";
		};
		95DE31B8184F1D9C0037403D /* include */ = {
			isa = PBXGroup;
			children = (
				95DE31B9184F1D9C0037403D /* SiSoME4Grabber.h */,
				95DE31BA184F1D9C0037403D /* SiSoME4SerialLine.h */,
			);
			path = include;
			sourceTree = "<group>";
		};
		95DE31BC184F1D9C0037403D /* python */ = {
			isa = PBXGroup;
			children = (
			);
			path = python;
			sourceTree = "<group>";
		};
		95DE31BE184F1D9C0037403D /* sip */ = {
			isa = PBXGroup;
			children = (
			);
			path = sip;
			sourceTree = "<group>";
		};
		95DE31BF184F1D9C0037403D /* src */ = {
			isa = PBXGroup;
			children = (
				95DE31C0184F1D9C0037403D /* Makefile */,
				95DE31C1184F1D9C0037403D /* SiSoME4Grabber.cpp */,
				95DE31C2184F1D9C0037403D /* SiSoME4SerialLine.cpp */,
			);
			path = src;
			sourceTree = "<group>";
		};
		95DE31CB184F1E440037403D /* doc */ = {
			isa = PBXGroup;
			children = (
				95DE31CC184F1E440037403D /* index.rst */,
				95DE31CD184F1E440037403D /* vieworks-VP_header.jpg */,
			);
			path = doc;
			sourceTree = "<group>";
		};
		95DE31CE184F1E440037403D /* include */ = {
			isa = PBXGroup;
			children = (
				95DE31CF184F1E440037403D /* VieworksVPBinCtrlObj.h */,
				95DE31D0184F1E440037403D /* VieworksVPCamera.h */,
				95DE31D1184F1E440037403D /* VieworksVPDetInfoCtrlObj.h */,
				95DE31D2184F1E440037403D /* VieworksVPInterface.h */,
				95DE31D3184F1E440037403D /* VieworksVPRoiCtrlObj.h */,
				95DE31D4184F1E440037403D /* VieworksVPSyncCtrlObj.h */,
			);
			path = include;
			sourceTree = "<group>";
		};
		95DE31D7184F1E440037403D /* python */ = {
			isa = PBXGroup;
			children = (
				95DE31D8184F1E440037403D /* __init__.py */,
			);
			path = python;
			sourceTree = "<group>";
		};
		95DE31DA184F1E440037403D /* sip */ = {
			isa = PBXGroup;
			children = (
				95DE31DB184F1E440037403D /* VieworksVPCamera.sip */,
				95DE31DC184F1E440037403D /* VieworksVPInterface.sip */,
			);
			path = sip;
			sourceTree = "<group>";
		};
		95DE31DD184F1E440037403D /* src */ = {
			isa = PBXGroup;
			children = (
				95DE31DE184F1E440037403D /* Makefile */,
				95DE31DF184F1E440037403D /* VieworksVPBinCtrlObj.cpp */,
				95DE31E0184F1E440037403D /* VieworksVPCamera.cpp */,
				95DE31E1184F1E440037403D /* VieworksVPDetInfoCtrlObj.cpp */,
				95DE31E2184F1E440037403D /* VieworksVPInterface.cpp */,
				95DE31E3184F1E440037403D /* VieworksVPRoiCtrlObj.cpp */,
				95DE31E4184F1E440037403D /* VieworksVPSyncCtrlObj.cpp */,
			);
			path = src;
			sourceTree = "<group>";
		};
/* End PBXGroup section */

/* Begin PBXHeadersBuildPhase section */
		956C320D1523BB6B00F0632C /* Headers */ = {
			isa = PBXHeadersBuildPhase;
			buildActionMask = 2147483647;
			files = (
				95DE31E6184F1E440037403D /* VieworksVPBinCtrlObj.h in Headers */,
				95DE31E9184F1E440037403D /* VieworksVPInterface.h in Headers */,
				95DE31E7184F1E440037403D /* VieworksVPCamera.h in Headers */,
				95DE31C4184F1D9C0037403D /* SiSoME4Grabber.h in Headers */,
				95DE31EB184F1E440037403D /* VieworksVPSyncCtrlObj.h in Headers */,
				95DE31C5184F1D9C0037403D /* SiSoME4SerialLine.h in Headers */,
				95DE31E8184F1E440037403D /* VieworksVPDetInfoCtrlObj.h in Headers */,
				95DE31EA184F1E440037403D /* VieworksVPRoiCtrlObj.h in Headers */,
			);
			runOnlyForDeploymentPostprocessing = 0;
		};
/* End PBXHeadersBuildPhase section */

/* Begin PBXNativeTarget section */
		956C320E1523BB6B00F0632C /* vieworks-vp */ = {
			isa = PBXNativeTarget;
			buildConfigurationList = 956C321C1523BB6C00F0632C /* Build configuration list for PBXNativeTarget "vieworks-vp" */;
			buildPhases = (
				956C320B1523BB6B00F0632C /* Sources */,
				956C320C1523BB6B00F0632C /* Frameworks */,
				956C320D1523BB6B00F0632C /* Headers */,
			);
			buildRules = (
			);
			dependencies = (
			);
			name = "vieworks-vp";
			productName = andor3;
			productReference = 956C320F1523BB6B00F0632C /* vieworks-vp.dylib */;
			productType = "com.apple.product-type.library.dynamic";
		};
/* End PBXNativeTarget section */

/* Begin PBXProject section */
		95B6658214E983F900A8C6FC /* Project object */ = {
			isa = PBXProject;
			attributes = {
				LastUpgradeCheck = 0420;
				ORGANIZATIONNAME = IPANEMA;
			};
			buildConfigurationList = 95B6658514E983F900A8C6FC /* Build configuration list for PBXProject "vieworks-vp" */;
			compatibilityVersion = "Xcode 3.2";
			developmentRegion = English;
			hasScannedForEncodings = 0;
			knownRegions = (
				en,
			);
			mainGroup = 95B6658014E983F900A8C6FC;
			productRefGroup = 956C32101523BB6B00F0632C /* Products */;
			projectDirPath = "";
			projectRoot = "";
			targets = (
				956C320E1523BB6B00F0632C /* vieworks-vp */,
			);
		};
/* End PBXProject section */

/* Begin PBXSourcesBuildPhase section */
		956C320B1523BB6B00F0632C /* Sources */ = {
			isa = PBXSourcesBuildPhase;
			buildActionMask = 2147483647;
			files = (
				95DE31EE184F1E440037403D /* VieworksVPBinCtrlObj.cpp in Sources */,
				95DE31C6184F1D9C0037403D /* Makefile in Sources */,
				95DE31C8184F1D9C0037403D /* SiSoME4SerialLine.cpp in Sources */,
				95DE31F3184F1E440037403D /* VieworksVPSyncCtrlObj.cpp in Sources */,
				95DE31F0184F1E440037403D /* VieworksVPDetInfoCtrlObj.cpp in Sources */,
				95DE31C7184F1D9C0037403D /* SiSoME4Grabber.cpp in Sources */,
				95DE31EC184F1E440037403D /* Makefile in Sources */,
				95DE31F2184F1E440037403D /* VieworksVPRoiCtrlObj.cpp in Sources */,
				95DE31F1184F1E440037403D /* VieworksVPInterface.cpp in Sources */,
				95DE31ED184F1E440037403D /* Makefile in Sources */,
				95DE31EF184F1E440037403D /* VieworksVPCamera.cpp in Sources */,
			);
			runOnlyForDeploymentPostprocessing = 0;
		};
/* End PBXSourcesBuildPhase section */

/* Begin XCBuildConfiguration section */
		956C321A1523BB6C00F0632C /* Debug */ = {
			isa = XCBuildConfiguration;
			buildSettings = {
				ALWAYS_SEARCH_USER_PATHS = NO;
				ARCHS = "$(ARCHS_STANDARD_64_BIT)";
				COPY_PHASE_STRIP = NO;
				GCC_C_LANGUAGE_STANDARD = gnu99;
				GCC_DYNAMIC_NO_PIC = NO;
				GCC_ENABLE_OBJC_EXCEPTIONS = YES;
				GCC_OPTIMIZATION_LEVEL = 0;
				GCC_PREPROCESSOR_DEFINITIONS = (
					"DEBUG=1",
					"$(inherited)",
				);
				GCC_SYMBOLS_PRIVATE_EXTERN = NO;
				GCC_VERSION = com.apple.compilers.llvm.clang.1_0;
				GCC_WARN_64_TO_32_BIT_CONVERSION = YES;
				GCC_WARN_ABOUT_MISSING_PROTOTYPES = YES;
				GCC_WARN_ABOUT_RETURN_TYPE = YES;
				GCC_WARN_UNUSED_VARIABLE = YES;
				HEADER_SEARCH_PATHS = (
					"\"$(SRCROOT)/include\"",
					"\"$(SRCROOT)/../common/siso-me4/include\"",
					"\"$(SRCROOT)/../../common/include\"",
					"\"$(SRCROOT)/../../hardware/include\"",
					"\"$(SRCROOT)/../../../SiSo-SDK/include\"",
				);
				LIBRARY_SEARCH_PATHS = (
					"$(inherited)",
					"\"$(SRCROOT)/../adsc/sdk/adsc_sources/lib/linux\"",
					"\"$(SRCROOT)/../pco/sdk/pco-sdk-113/lib\"",
					"\"$(SRCROOT)/../pco/sdk/pco-sdk-113/lib64\"",
					"\"$(SRCROOT)/../photonicscience/sdk/ImageStar4022_v1.7\"",
				);
				MACOSX_DEPLOYMENT_TARGET = 10.6;
				ONLY_ACTIVE_ARCH = YES;
				PRODUCT_NAME = "$(TARGET_NAME)";
				SDKROOT = macosx;
			};
			name = Debug;
		};
		956C321B1523BB6C00F0632C /* Release */ = {
			isa = XCBuildConfiguration;
			buildSettings = {
				ALWAYS_SEARCH_USER_PATHS = NO;
				ARCHS = "$(ARCHS_STANDARD_64_BIT)";
				COPY_PHASE_STRIP = YES;
				DEBUG_INFORMATION_FORMAT = "dwarf-with-dsym";
				GCC_C_LANGUAGE_STANDARD = gnu99;
				GCC_ENABLE_OBJC_EXCEPTIONS = YES;
				GCC_VERSION = com.apple.compilers.llvm.clang.1_0;
				GCC_WARN_64_TO_32_BIT_CONVERSION = YES;
				GCC_WARN_ABOUT_MISSING_PROTOTYPES = YES;
				GCC_WARN_ABOUT_RETURN_TYPE = YES;
				GCC_WARN_UNUSED_VARIABLE = YES;
				HEADER_SEARCH_PATHS = (
					"\"$(SRCROOT)/include\"",
					"\"$(SRCROOT)/../common/siso-me4/include\"",
					"\"$(SRCROOT)/../../common/include\"",
					"\"$(SRCROOT)/../../hardware/include\"",
					"\"$(SRCROOT)/../../../SiSo-SDK/include\"",
				);
				LIBRARY_SEARCH_PATHS = (
					"$(inherited)",
					"\"$(SRCROOT)/../adsc/sdk/adsc_sources/lib/linux\"",
					"\"$(SRCROOT)/../pco/sdk/pco-sdk-113/lib\"",
					"\"$(SRCROOT)/../pco/sdk/pco-sdk-113/lib64\"",
					"\"$(SRCROOT)/../photonicscience/sdk/ImageStar4022_v1.7\"",
				);
				MACOSX_DEPLOYMENT_TARGET = 10.6;
				PRODUCT_NAME = "$(TARGET_NAME)";
				SDKROOT = macosx;
			};
			name = Release;
		};
		95B6658714E983F900A8C6FC /* Debug */ = {
			isa = XCBuildConfiguration;
			buildSettings = {
			};
			name = Debug;
		};
		95B6658814E983F900A8C6FC /* Release */ = {
			isa = XCBuildConfiguration;
			buildSettings = {
			};
			name = Release;
		};
/* End XCBuildConfiguration section */

/* Begin XCConfigurationList section */
		956C321C1523BB6C00F0632C /* Build configuration list for PBXNativeTarget "vieworks-vp" */ = {
			isa = XCConfigurationList;
			buildConfigurations = (
				956C321A1523BB6C00F0632C /* Debug */,
				956C321B1523BB6C00F0632C /* Release */,
			);
			defaultConfigurationIsVisible = 0;
			defaultConfigurationName = Release;
		};
		95B6658514E983F900A8C6FC /* Build configuration list for PBXProject "vieworks-vp" */ = {
			isa = XCConfigurationList;
			buildConfigurations = (
				95B6658714E983F900A8C6FC /* Debug */,
				95B6658814E983F900A8C6FC /* Release */,
			);
			defaultConfigurationIsVisible = 0;
			defaultConfigurationName = Release;
		};
/* End XCConfigurationList section */
	};
	rootObject = 95B6658214E983F900A8C6FC /* Project object */;
}
